
Microsoft Visual Studio Solution File, Format Version 12.00
# Visual Studio Version 16
VisualStudioVersion = 16.0.29215.179
MinimumVisualStudioVersion = 10.0.40219.1
Project("{F184B08F-C81C-45F6-A57F-5ABD9991F28F}") = "Tetris", "Tetris\Tetris.vbproj", "{79C196DB-E676-4B7F-900F-42132D24E401}"
EndProject
Global
	GlobalSection(SolutionConfigurationPlatforms) = preSolution
		Debug|Any CPU = Debug|Any CPU
		Release|Any CPU = Release|Any CPU
	EndGlobalSection
	GlobalSection(ProjectConfigurationPlatforms) = postSolution
		{79C196DB-E676-4B7F-900F-42132D24E401}.Debug|Any CPU.ActiveCfg = Debug|Any CPU
		{79C196DB-E676-4B7F-900F-42132D24E401}.Debug|Any CPU.Build.0 = Debug|Any CPU
		{79C196DB-E676-4B7F-900F-42132D24E401}.Release|Any CPU.ActiveCfg = Release|Any CPU
		{79C196DB-E676-4B7F-900F-42132D24E401}.Release|Any CPU.Build.0 = Release|Any CPU
	EndGlobalSection
	GlobalSection(SolutionProperties) = preSolution
		HideSolutionNode = FALSE
	EndGlobalSection
	GlobalSection(ExtensibilityGlobals) = postSolution
		SolutionGuid = {EE509555-E1BC-4647-9B64-45529E2E0EA4}
	EndGlobalSection
EndGlobal
